
Microsoft Visual Studio Solution File, Format Version 12.00
# Visual Studio Version 17
VisualStudioVersion = 17.7.34221.43
MinimumVisualStudioVersion = 10.0.40219.1
Project("{9A19103F-16F7-4668-BE54-9A1E7A4F7556}") = "TelegramBot", "TelegramBot.csproj", "{7A1FD4F5-0D5F-4DF1-BBFC-D8DCB4298CF2}"
EndProject
Project("{2150E333-8FDC-42A3-9474-1A3956D46DE8}") = "Solution Items", "Solution Items", "{D3F2C4BF-7D7F-4411-B538-48BDEF790869}"
	ProjectSection(SolutionItems) = preProject
		.editorconfig = .editorconfig
	EndProjectSection
EndProject
Global
	GlobalSection(SolutionConfigurationPlatforms) = preSolution
		Debug|Any CPU = Debug|Any CPU
		Release|Any CPU = Release|Any CPU
	EndGlobalSection
	GlobalSection(ProjectConfigurationPlatforms) = postSolution
		{7A1FD4F5-0D5F-4DF1-BBFC-D8DCB4298CF2}.Debug|Any CPU.ActiveCfg = Debug|Any CPU
		{7A1FD4F5-0D5F-4DF1-BBFC-D8DCB4298CF2}.Debug|Any CPU.Build.0 = Debug|Any CPU
		{7A1FD4F5-0D5F-4DF1-BBFC-D8DCB4298CF2}.Release|Any CPU.ActiveCfg = Release|Any CPU
		{7A1FD4F5-0D5F-4DF1-BBFC-D8DCB4298CF2}.Release|Any CPU.Build.0 = Release|Any CPU
	EndGlobalSection
	GlobalSection(SolutionProperties) = preSolution
		HideSolutionNode = FALSE
	EndGlobalSection
	GlobalSection(ExtensibilityGlobals) = postSolution
		SolutionGuid = {1FD5B88A-7A9C-4747-B633-FE51C0E780EB}
	EndGlobalSection
EndGlobal
